
Microsoft Visual Studio Solution File, Format Version 12.00
# Visual Studio Version 17
VisualStudioVersion = 17.4.33213.308
MinimumVisualStudioVersion = 10.0.40219.1
Project("{FAE04EC0-301F-11D3-BF4B-00C04F79EFBC}") = "JobApplicationManagement", "JobApplicationManagement\JobApplicationManagement.csproj", "{711CED7A-33B4-48FE-919C-A9C870082698}"
EndProject
Project("{FAE04EC0-301F-11D3-BF4B-00C04F79EFBC}") = "Repository", "Repository\Repository.csproj", "{4D8AFEC6-7067-4563-95BA-E29EFB314F4C}"
EndProject
Global
	GlobalSection(SolutionConfigurationPlatforms) = preSolution
		Debug|Any CPU = Debug|Any CPU
		Release|Any CPU = Release|Any CPU
	EndGlobalSection
	GlobalSection(ProjectConfigurationPlatforms) = postSolution
		{711CED7A-33B4-48FE-919C-A9C870082698}.Debug|Any CPU.ActiveCfg = Debug|Any CPU
		{711CED7A-33B4-48FE-919C-A9C870082698}.Debug|Any CPU.Build.0 = Debug|Any CPU
		{711CED7A-33B4-48FE-919C-A9C870082698}.Release|Any CPU.ActiveCfg = Release|Any CPU
		{711CED7A-33B4-48FE-919C-A9C870082698}.Release|Any CPU.Build.0 = Release|Any CPU
		{4D8AFEC6-7067-4563-95BA-E29EFB314F4C}.Debug|Any CPU.ActiveCfg = Debug|Any CPU
		{4D8AFEC6-7067-4563-95BA-E29EFB314F4C}.Debug|Any CPU.Build.0 = Debug|Any CPU
		{4D8AFEC6-7067-4563-95BA-E29EFB314F4C}.Release|Any CPU.ActiveCfg = Release|Any CPU
		{4D8AFEC6-7067-4563-95BA-E29EFB314F4C}.Release|Any CPU.Build.0 = Release|Any CPU
	EndGlobalSection
	GlobalSection(SolutionProperties) = preSolution
		HideSolutionNode = FALSE
	EndGlobalSection
	GlobalSection(ExtensibilityGlobals) = postSolution
		SolutionGuid = {E4DCF9C1-6AFF-4871-ACCE-28E7488A472B}
	EndGlobalSection
EndGlobal
